
Microsoft Visual Studio Solution File, Format Version 12.00
# Visual Studio Version 17
VisualStudioVersion = 17.6.33829.357
MinimumVisualStudioVersion = 10.0.40219.1
Project("{FAE04EC0-301F-11D3-BF4B-00C04F79EFBC}") = "WeatherApp", "WeatherApp\WeatherApp.csproj", "{56AD5219-4819-49E4-8333-B6E303D04BC3}"
EndProject
Global
	GlobalSection(SolutionConfigurationPlatforms) = preSolution
		Debug|Any CPU = Debug|Any CPU
		Release|Any CPU = Release|Any CPU
	EndGlobalSection
	GlobalSection(ProjectConfigurationPlatforms) = postSolution
		{56AD5219-4819-49E4-8333-B6E303D04BC3}.Debug|Any CPU.ActiveCfg = Debug|Any CPU
		{56AD5219-4819-49E4-8333-B6E303D04BC3}.Debug|Any CPU.Build.0 = Debug|Any CPU
		{56AD5219-4819-49E4-8333-B6E303D04BC3}.Release|Any CPU.ActiveCfg = Release|Any CPU
		{56AD5219-4819-49E4-8333-B6E303D04BC3}.Release|Any CPU.Build.0 = Release|Any CPU
	EndGlobalSection
	GlobalSection(SolutionProperties) = preSolution
		HideSolutionNode = FALSE
	EndGlobalSection
	GlobalSection(ExtensibilityGlobals) = postSolution
		SolutionGuid = {E72E04E5-865B-49B9-A736-78A72284091A}
	EndGlobalSection
EndGlobal
